
Microsoft Visual Studio Solution File, Format Version 12.00
# Visual Studio Version 17
VisualStudioVersion = 17.13.35806.99 d17.13
MinimumVisualStudioVersion = 10.0.40219.1
Project("{FAE04EC0-301F-11D3-BF4B-00C04F79EFBC}") = "ME01", "ME01\ME01.csproj", "{455E930C-3AA7-4F24-856D-D1C912C46955}"
EndProject
Global
	GlobalSection(SolutionConfigurationPlatforms) = preSolution
		Debug|Any CPU = Debug|Any CPU
		Release|Any CPU = Release|Any CPU
	EndGlobalSection
	GlobalSection(ProjectConfigurationPlatforms) = postSolution
		{455E930C-3AA7-4F24-856D-D1C912C46955}.Debug|Any CPU.ActiveCfg = Debug|Any CPU
		{455E930C-3AA7-4F24-856D-D1C912C46955}.Debug|Any CPU.Build.0 = Debug|Any CPU
		{455E930C-3AA7-4F24-856D-D1C912C46955}.Release|Any CPU.ActiveCfg = Release|Any CPU
		{455E930C-3AA7-4F24-856D-D1C912C46955}.Release|Any CPU.Build.0 = Release|Any CPU
	EndGlobalSection
	GlobalSection(SolutionProperties) = preSolution
		HideSolutionNode = FALSE
	EndGlobalSection
	GlobalSection(ExtensibilityGlobals) = postSolution
		SolutionGuid = {23AEF2F9-8271-48DC-8B5C-35579220BEAB}
	EndGlobalSection
EndGlobal
